lockfileVersion: '6.0'

settings:
  autoInstallPeers: true
  excludeLinksFromLockfile: false

dependencies:
  node-fetch:
    specifier: '2'
    version: 2.6.7
  pnpm:
    specifier: ^8.9.0
    version: 8.9.0

packages:

  /node-fetch@2.6.7:
    resolution: {integrity: sha512-ZjMPFEfVx5j+y2yF35Kzx5sF7kDzxuDj6ziH4FFbOp87zKDZNx8yExJIb05OGF4Nlt9IHFIMBkRl41VdvcNdbQ==}
    engines: {node: 4.x || >=6.0.0}
    peerDependencies:
      encoding: ^0.1.0
    peerDependenciesMeta:
      encoding:
        optional: true
    dependencies:
      whatwg-url: 5.0.0
    dev: false

  /pnpm@8.9.0:
    resolution: {integrity: sha512-74hZk44fBTe5/PAwkEQxE5Lzs4s0QXbmzU/e4hsiVSSwrCobCK4q4t3Vs/9LjKSW1neOlQ8+fJ9VW4EyWYJEHA==}
    engines: {node: '>=16.14'}
    hasBin: true
    dev: false

  /tr46@0.0.3:
    resolution: {integrity: sha1-gYT9NH2snNwYWZLzpmIuFLnZq2o=}
    dev: false

  /webidl-conversions@3.0.1:
    resolution: {integrity: sha1-JFNCdeKnvGvnvIZhHMFq4KVlSHE=}
    dev: false

  /whatwg-url@5.0.0:
    resolution: {integrity: sha1-lmRU6HZUYuN2RNNib2dCzotwll0=}
    dependencies:
      tr46: 0.0.3
      webidl-conversions: 3.0.1
    dev: false
